
Microsoft Visual Studio Solution File, Format Version 12.00
# Visual Studio Version 16
VisualStudioVersion = 16.0.30717.126
MinimumVisualStudioVersion = 10.0.40219.1
Project("{FAE04EC0-301F-11D3-BF4B-00C04F79EFBC}") = "DolanKuyDesktopGithub", "DolanKuyDesktopGithub\DolanKuyDesktopGithub.csproj", "{B4CA9D58-5086-4F76-8020-0CE084B2888E}"
EndProject
Global
	GlobalSection(SolutionConfigurationPlatforms) = preSolution
		Debug|Any CPU = Debug|Any CPU
		Release|Any CPU = Release|Any CPU
	EndGlobalSection
	GlobalSection(ProjectConfigurationPlatforms) = postSolution
		{B4CA9D58-5086-4F76-8020-0CE084B2888E}.Debug|Any CPU.ActiveCfg = Debug|Any CPU
		{B4CA9D58-5086-4F76-8020-0CE084B2888E}.Debug|Any CPU.Build.0 = Debug|Any CPU
		{B4CA9D58-5086-4F76-8020-0CE084B2888E}.Release|Any CPU.ActiveCfg = Release|Any CPU
		{B4CA9D58-5086-4F76-8020-0CE084B2888E}.Release|Any CPU.Build.0 = Release|Any CPU
	EndGlobalSection
	GlobalSection(SolutionProperties) = preSolution
		HideSolutionNode = FALSE
	EndGlobalSection
	GlobalSection(ExtensibilityGlobals) = postSolution
		SolutionGuid = {36ED9E48-BD8D-44E1-ACD7-1F588F196E67}
	EndGlobalSection
EndGlobal
